
Microsoft Visual Studio Solution File, Format Version 12.00
Project("{2150E333-8FDC-42A3-9474-1A3956D46DE8}") = "QuickStart", "QuickStart", "{E109C71A-9845-4848-BD64-3E7816FE6371}"
EndProject
Project("{FAE04EC0-301F-11D3-BF4B-00C04F79EFBC}") = "FsCheck.QuickStart", "src\FsCheck.QuickStart\FsCheck.QuickStart.csproj", "{AF65FEC5-6489-4D82-BFE9-D5B5D0A03EE3}"
EndProject
Project("{F2A71F9B-5D33-465A-A702-920D77279786}") = "FsCheck.XUnit.QuickStart.FSharp", "src\FsCheck.XUnit.QuickStart.FSharp\FsCheck.XUnit.QuickStart.FSharp.fsproj", "{32D61ED3-4BD3-4859-804D-0DEEFA5BE013}"
EndProject
Project("{FAE04EC0-301F-11D3-BF4B-00C04F79EFBC}") = "FsCheck.XUnit.QuickStart.CSharp", "src\FsCheck.XUnit.QuickStart.CSharp\FsCheck.XUnit.QuickStart.CSharp.csproj", "{BFC48496-8434-4B6E-A50D-EAD03B165F3C}"
EndProject
Project("{2150E333-8FDC-42A3-9474-1A3956D46DE8}") = "ModelBasedTesting", "ModelBasedTesting", "{D419349A-437E-456F-A1A5-7F1ADE41AA91}"
EndProject
Project("{FAE04EC0-301F-11D3-BF4B-00C04F79EFBC}") = "FsCheck.ModelBased.CSharp.Testing", "src\FsCheck.ModelBased.CSharp.Testing\FsCheck.ModelBased.CSharp.Testing.csproj", "{F93F4E43-4F28-4807-9E76-81BBD514407F}"
EndProject
Project("{F2A71F9B-5D33-465A-A702-920D77279786}") = "FsCheck.ModelBased.FSharp.Testing", "src\FsCheck.ModelBased.FSharp.Testing\FsCheck.ModelBased.FSharp.Testing.fsproj", "{C4717137-E7EC-45C6-9A2D-8B053349538D}"
EndProject
Global
	GlobalSection(SolutionConfigurationPlatforms) = preSolution
		Debug|Any CPU = Debug|Any CPU
		Release|Any CPU = Release|Any CPU
	EndGlobalSection
	GlobalSection(ProjectConfigurationPlatforms) = postSolution
		{AF65FEC5-6489-4D82-BFE9-D5B5D0A03EE3}.Debug|Any CPU.ActiveCfg = Debug|Any CPU
		{AF65FEC5-6489-4D82-BFE9-D5B5D0A03EE3}.Debug|Any CPU.Build.0 = Debug|Any CPU
		{AF65FEC5-6489-4D82-BFE9-D5B5D0A03EE3}.Release|Any CPU.ActiveCfg = Release|Any CPU
		{AF65FEC5-6489-4D82-BFE9-D5B5D0A03EE3}.Release|Any CPU.Build.0 = Release|Any CPU
		{32D61ED3-4BD3-4859-804D-0DEEFA5BE013}.Debug|Any CPU.ActiveCfg = Debug|Any CPU
		{32D61ED3-4BD3-4859-804D-0DEEFA5BE013}.Debug|Any CPU.Build.0 = Debug|Any CPU
		{32D61ED3-4BD3-4859-804D-0DEEFA5BE013}.Release|Any CPU.ActiveCfg = Release|Any CPU
		{32D61ED3-4BD3-4859-804D-0DEEFA5BE013}.Release|Any CPU.Build.0 = Release|Any CPU
		{BFC48496-8434-4B6E-A50D-EAD03B165F3C}.Debug|Any CPU.ActiveCfg = Debug|Any CPU
		{BFC48496-8434-4B6E-A50D-EAD03B165F3C}.Debug|Any CPU.Build.0 = Debug|Any CPU
		{BFC48496-8434-4B6E-A50D-EAD03B165F3C}.Release|Any CPU.ActiveCfg = Release|Any CPU
		{BFC48496-8434-4B6E-A50D-EAD03B165F3C}.Release|Any CPU.Build.0 = Release|Any CPU
		{F93F4E43-4F28-4807-9E76-81BBD514407F}.Debug|Any CPU.ActiveCfg = Debug|Any CPU
		{F93F4E43-4F28-4807-9E76-81BBD514407F}.Debug|Any CPU.Build.0 = Debug|Any CPU
		{F93F4E43-4F28-4807-9E76-81BBD514407F}.Release|Any CPU.ActiveCfg = Release|Any CPU
		{F93F4E43-4F28-4807-9E76-81BBD514407F}.Release|Any CPU.Build.0 = Release|Any CPU
		{C4717137-E7EC-45C6-9A2D-8B053349538D}.Debug|Any CPU.ActiveCfg = Debug|Any CPU
		{C4717137-E7EC-45C6-9A2D-8B053349538D}.Debug|Any CPU.Build.0 = Debug|Any CPU
		{C4717137-E7EC-45C6-9A2D-8B053349538D}.Release|Any CPU.ActiveCfg = Release|Any CPU
		{C4717137-E7EC-45C6-9A2D-8B053349538D}.Release|Any CPU.Build.0 = Release|Any CPU
	EndGlobalSection
	GlobalSection(NestedProjects) = preSolution
		{AF65FEC5-6489-4D82-BFE9-D5B5D0A03EE3} = {E109C71A-9845-4848-BD64-3E7816FE6371}
		{32D61ED3-4BD3-4859-804D-0DEEFA5BE013} = {E109C71A-9845-4848-BD64-3E7816FE6371}
		{BFC48496-8434-4B6E-A50D-EAD03B165F3C} = {E109C71A-9845-4848-BD64-3E7816FE6371}
		{F93F4E43-4F28-4807-9E76-81BBD514407F} = {D419349A-437E-456F-A1A5-7F1ADE41AA91}
		{C4717137-E7EC-45C6-9A2D-8B053349538D} = {D419349A-437E-456F-A1A5-7F1ADE41AA91}
	EndGlobalSection
EndGlobal
